
Microsoft Visual Studio Solution File, Format Version 12.00
# Visual Studio Version 17
VisualStudioVersion = 17.11.35327.3
MinimumVisualStudioVersion = 10.0.40219.1
Project("{FAE04EC0-301F-11D3-BF4B-00C04F79EFBC}") = "LunchRoller", "LunchRoller\LunchRoller.csproj", "{FDB9D006-ABA6-456E-AE15-3F9BC6715B1B}"
EndProject
Global
	GlobalSection(SolutionConfigurationPlatforms) = preSolution
		Debug|Any CPU = Debug|Any CPU
		Release|Any CPU = Release|Any CPU
	EndGlobalSection
	GlobalSection(ProjectConfigurationPlatforms) = postSolution
		{FDB9D006-ABA6-456E-AE15-3F9BC6715B1B}.Debug|Any CPU.ActiveCfg = Debug|Any CPU
		{FDB9D006-ABA6-456E-AE15-3F9BC6715B1B}.Debug|Any CPU.Build.0 = Debug|Any CPU
		{FDB9D006-ABA6-456E-AE15-3F9BC6715B1B}.Release|Any CPU.ActiveCfg = Release|Any CPU
		{FDB9D006-ABA6-456E-AE15-3F9BC6715B1B}.Release|Any CPU.Build.0 = Release|Any CPU
	EndGlobalSection
	GlobalSection(SolutionProperties) = preSolution
		HideSolutionNode = FALSE
	EndGlobalSection
	GlobalSection(ExtensibilityGlobals) = postSolution
		SolutionGuid = {D9A591AC-FCEE-4724-8572-7F8F0052A87C}
	EndGlobalSection
EndGlobal
